
Microsoft Visual Studio Solution File, Format Version 12.00
# Visual Studio Version 17
VisualStudioVersion = 17.3.32929.385
MinimumVisualStudioVersion = 10.0.40219.1
Project("{FAE04EC0-301F-11D3-BF4B-00C04F79EFBC}") = "WebApp", "WebApp\WebApp.csproj", "{781285E5-EA42-4DBB-AD38-8699611ED30E}"
EndProject
Global
	GlobalSection(SolutionConfigurationPlatforms) = preSolution
		Debug|Any CPU = Debug|Any CPU
		Release|Any CPU = Release|Any CPU
	EndGlobalSection
	GlobalSection(ProjectConfigurationPlatforms) = postSolution
		{781285E5-EA42-4DBB-AD38-8699611ED30E}.Debug|Any CPU.ActiveCfg = Debug|Any CPU
		{781285E5-EA42-4DBB-AD38-8699611ED30E}.Debug|Any CPU.Build.0 = Debug|Any CPU
		{781285E5-EA42-4DBB-AD38-8699611ED30E}.Release|Any CPU.ActiveCfg = Release|Any CPU
		{781285E5-EA42-4DBB-AD38-8699611ED30E}.Release|Any CPU.Build.0 = Release|Any CPU
	EndGlobalSection
	GlobalSection(SolutionProperties) = preSolution
		HideSolutionNode = FALSE
	EndGlobalSection
	GlobalSection(ExtensibilityGlobals) = postSolution
		SolutionGuid = {A9E47B9D-2ABC-4885-92F4-04268A8CEB80}
	EndGlobalSection
EndGlobal
